
Microsoft Visual Studio Solution File, Format Version 12.00
# Visual Studio Version 17
VisualStudioVersion = 17.8.34309.116
MinimumVisualStudioVersion = 10.0.40219.1
Project("{8BC9CEB8-8B4A-11D0-8D11-00A0C91BC942}") = "Poker", "Poker\Poker.vcxproj", "{30DCA0AE-ED83-44E6-A86C-EB31FB8F15BB}"
EndProject
Global
	GlobalSection(SolutionConfigurationPlatforms) = preSolution
		Debug|x64 = Debug|x64
		Debug|x86 = Debug|x86
		Release|x64 = Release|x64
		Release|x86 = Release|x86
	EndGlobalSection
	GlobalSection(ProjectConfigurationPlatforms) = postSolution
		{30DCA0AE-ED83-44E6-A86C-EB31FB8F15BB}.Debug|x64.ActiveCfg = Debug|x64
		{30DCA0AE-ED83-44E6-A86C-EB31FB8F15BB}.Debug|x64.Build.0 = Debug|x64
		{30DCA0AE-ED83-44E6-A86C-EB31FB8F15BB}.Debug|x86.ActiveCfg = Debug|Win32
		{30DCA0AE-ED83-44E6-A86C-EB31FB8F15BB}.Debug|x86.Build.0 = Debug|Win32
		{30DCA0AE-ED83-44E6-A86C-EB31FB8F15BB}.Release|x64.ActiveCfg = Release|x64
		{30DCA0AE-ED83-44E6-A86C-EB31FB8F15BB}.Release|x64.Build.0 = Release|x64
		{30DCA0AE-ED83-44E6-A86C-EB31FB8F15BB}.Release|x86.ActiveCfg = Release|Win32
		{30DCA0AE-ED83-44E6-A86C-EB31FB8F15BB}.Release|x86.Build.0 = Release|Win32
	EndGlobalSection
	GlobalSection(SolutionProperties) = preSolution
		HideSolutionNode = FALSE
	EndGlobalSection
	GlobalSection(ExtensibilityGlobals) = postSolution
		SolutionGuid = {214B9732-F9F8-48CF-8FA0-2D42FC9B4F3F}
	EndGlobalSection
EndGlobal
